// !$*UTF8*$!
{
	archiveVersion = 1;
	classes = {
	};
	objectVersion = 55;
	objects = {

/* Begin PBXBuildFile section */
		6B01EEED289A74DF007C5B30 /* Weather.swift in Sources */ = {isa = PBXBuildFile; fileRef = 6B01EEEC289A74DF007C5B30 /* Weather.swift */; };
		6B14428A289BE33900BDF07D /* Decoder.swift in Sources */ = {isa = PBXBuildFile; fileRef = 6B144289289BE33800BDF07D /* Decoder.swift */; };
		6B14428C289C016100BDF07D /* OtherCityViewController.swift in Sources */ = {isa = PBXBuildFile; fileRef = 6B14428B289C016100BDF07D /* OtherCityViewController.swift */; };
		6B6EB4A0289DA087009A80AD /* OtherCityWeather.swift in Sources */ = {isa = PBXBuildFile; fileRef = 6B6EB49F289DA087009A80AD /* OtherCityWeather.swift */; };
		6B9242982898EDE300E29CF8 /* AppDelegate.swift in Sources */ = {isa = PBXBuildFile; fileRef = 6B9242972898EDE300E29CF8 /* AppDelegate.swift */; };
		6B92429A2898EDE300E29CF8 /* SceneDelegate.swift in Sources */ = {isa = PBXBuildFile; fileRef = 6B9242992898EDE300E29CF8 /* SceneDelegate.swift */; };
		6B92429C2898EDE300E29CF8 /* ViewController.swift in Sources */ = {isa = PBXBuildFile; fileRef = 6B92429B2898EDE300E29CF8 /* ViewController.swift */; };
		6B9242A12898EDE500E29CF8 /* Assets.xcassets in Resources */ = {isa = PBXBuildFile; fileRef = 6B9242A02898EDE500E29CF8 /* Assets.xcassets */; };
		6B9242A42898EDE500E29CF8 /* LaunchScreen.storyboard in Resources */ = {isa = PBXBuildFile; fileRef = 6B9242A22898EDE500E29CF8 /* LaunchScreen.storyboard */; };
		6B9242AC2898EED000E29CF8 /* WeekLongWeatherTableViewCell.swift in Sources */ = {isa = PBXBuildFile; fileRef = 6B9242AB2898EED000E29CF8 /* WeekLongWeatherTableViewCell.swift */; };
		6B9242AF2898F33000E29CF8 /* CurrentWeather.swift in Sources */ = {isa = PBXBuildFile; fileRef = 6B9242AE2898F33000E29CF8 /* CurrentWeather.swift */; };
		6B9242B128990B7B00E29CF8 /* WeatherInfo.plist in Resources */ = {isa = PBXBuildFile; fileRef = 6B9242B028990B7B00E29CF8 /* WeatherInfo.plist */; };
		6B9242B328990C0100E29CF8 /* Weather++Bundle.swift in Sources */ = {isa = PBXBuildFile; fileRef = 6B9242B228990C0100E29CF8 /* Weather++Bundle.swift */; };
		6BCED14D289CF64D00F8A305 /* FetchData.swift in Sources */ = {isa = PBXBuildFile; fileRef = 6BCED14C289CF64D00F8A305 /* FetchData.swift */; };
		6BEC6C60289EC5B800EFF342 /* CityWeatherTableViewCell.swift in Sources */ = {isa = PBXBuildFile; fileRef = 6BEC6C5F289EC5B800EFF342 /* CityWeatherTableViewCell.swift */; };
/* End PBXBuildFile section */

/* Begin PBXFileReference section */
		6B01EEEC289A74DF007C5B30 /* Weather.swift */ = {isa = PBXFileReference; lastKnownFileType = sourcecode.swift; path = Weather.swift; sourceTree = "<group>"; };
		6B144289289BE33800BDF07D /* Decoder.swift */ = {isa = PBXFileReference; lastKnownFileType = sourcecode.swift; path = Decoder.swift; sourceTree = "<group>"; };
		6B14428B289C016100BDF07D /* OtherCityViewController.swift */ = {isa = PBXFileReference; lastKnownFileType = sourcecode.swift; path = OtherCityViewController.swift; sourceTree = "<group>"; };
		6B6EB49F289DA087009A80AD /* OtherCityWeather.swift */ = {isa = PBXFileReference; lastKnownFileType = sourcecode.swift; path = OtherCityWeather.swift; sourceTree = "<group>"; };
		6B9242942898EDE300E29CF8 /* Weather.app */ = {isa = PBXFileReference; explicitFileType = wrapper.application; includeInIndex = 0; path = Weather.app; sourceTree = BUILT_PRODUCTS_DIR; };
		6B9242972898EDE300E29CF8 /* AppDelegate.swift */ = {isa = PBXFileReference; lastKnownFileType = sourcecode.swift; path = AppDelegate.swift; sourceTree = "<group>"; };
		6B9242992898EDE300E29CF8 /* SceneDelegate.swift */ = {isa = PBXFileReference; lastKnownFileType = sourcecode.swift; path = SceneDelegate.swift; sourceTree = "<group>"; };
		6B92429B2898EDE300E29CF8 /* ViewController.swift */ = {isa = PBXFileReference; lastKnownFileType = sourcecode.swift; path = ViewController.swift; sourceTree = "<group>"; };
		6B9242A02898EDE500E29CF8 /* Assets.xcassets */ = {isa = PBXFileReference; lastKnownFileType = folder.assetcatalog; path = Assets.xcassets; sourceTree = "<group>"; };
		6B9242A32898EDE500E29CF8 /* Base */ = {isa = PBXFileReference; lastKnownFileType = file.storyboard; name = Base; path = Base.lproj/LaunchScreen.storyboard; sourceTree = "<group>"; };
		6B9242A52898EDE500E29CF8 /* Info.plist */ = {isa = PBXFileReference; lastKnownFileType = text.plist.xml; path = Info.plist; sourceTree = "<group>"; };
		6B9242AB2898EED000E29CF8 /* WeekLongWeatherTableViewCell.swift */ = {isa = PBXFileReference; lastKnownFileType = sourcecode.swift; path = WeekLongWeatherTableViewCell.swift; sourceTree = "<group>"; };
		6B9242AE2898F33000E29CF8 /* CurrentWeather.swift */ = {isa = PBXFileReference; lastKnownFileType = sourcecode.swift; path = CurrentWeather.swift; sourceTree = "<group>"; };
		6B9242B028990B7B00E29CF8 /* WeatherInfo.plist */ = {isa = PBXFileReference; lastKnownFileType = text.plist.xml; path = WeatherInfo.plist; sourceTree = "<group>"; };
		6B9242B228990C0100E29CF8 /* Weather++Bundle.swift */ = {isa = PBXFileReference; lastKnownFileType = sourcecode.swift; path = "Weather++Bundle.swift"; sourceTree = "<group>"; };
		6BCED14C289CF64D00F8A305 /* FetchData.swift */ = {isa = PBXFileReference; lastKnownFileType = sourcecode.swift; path = FetchData.swift; sourceTree = "<group>"; };
		6BEC6C5F289EC5B800EFF342 /* CityWeatherTableViewCell.swift */ = {isa = PBXFileReference; lastKnownFileType = sourcecode.swift; path = CityWeatherTableViewCell.swift; sourceTree = "<group>"; };
/* End PBXFileReference section */

/* Begin PBXFrameworksBuildPhase section */
		6B9242912898EDE300E29CF8 /* Frameworks */ = {
			isa = PBXFrameworksBuildPhase;
			buildActionMask = 2147483647;
			files = (
			);
			runOnlyForDeploymentPostprocessing = 0;
		};
/* End PBXFrameworksBuildPhase section */

/* Begin PBXGroup section */
		6B009E0928999A5900CD0FEF /* API_KEY */ = {
			isa = PBXGroup;
			children = (
				6B9242B028990B7B00E29CF8 /* WeatherInfo.plist */,
				6B9242B228990C0100E29CF8 /* Weather++Bundle.swift */,
			);
			path = API_KEY;
			sourceTree = "<group>";
		};
		6B92428B2898EDE300E29CF8 = {
			isa = PBXGroup;
			children = (
				6B9242962898EDE300E29CF8 /* Weather */,
				6B9242952898EDE300E29CF8 /* Products */,
			);
			sourceTree = "<group>";
		};
		6B9242952898EDE300E29CF8 /* Products */ = {
			isa = PBXGroup;
			children = (
				6B9242942898EDE300E29CF8 /* Weather.app */,
			);
			name = Products;
			sourceTree = "<group>";
		};
		6B9242962898EDE300E29CF8 /* Weather */ = {
			isa = PBXGroup;
			children = (
				6BEC6C5C289E8AF400EFF342 /* OtherCityViewController */,
				6BEC6C5B289E8AE400EFF342 /* ViewController */,
				6B009E0928999A5900CD0FEF /* API_KEY */,
				6BCED14A289CF5C800F8A305 /* Delegate */,
				6BCED14B289CF5E800F8A305 /* Utility */,
				6B9242AD2898F31F00E29CF8 /* Entity */,
				6B9242A02898EDE500E29CF8 /* Assets.xcassets */,
				6B9242A22898EDE500E29CF8 /* LaunchScreen.storyboard */,
				6B9242A52898EDE500E29CF8 /* Info.plist */,
			);
			path = Weather;
			sourceTree = "<group>";
		};
		6B9242AD2898F31F00E29CF8 /* Entity */ = {
			isa = PBXGroup;
			children = (
				6B9242AE2898F33000E29CF8 /* CurrentWeather.swift */,
				6B01EEEC289A74DF007C5B30 /* Weather.swift */,
				6B6EB49F289DA087009A80AD /* OtherCityWeather.swift */,
			);
			path = Entity;
			sourceTree = "<group>";
		};
		6BCED14A289CF5C800F8A305 /* Delegate */ = {
			isa = PBXGroup;
			children = (
				6B9242972898EDE300E29CF8 /* AppDelegate.swift */,
				6B9242992898EDE300E29CF8 /* SceneDelegate.swift */,
			);
			path = Delegate;
			sourceTree = "<group>";
		};
		6BCED14B289CF5E800F8A305 /* Utility */ = {
			isa = PBXGroup;
			children = (
				6B144289289BE33800BDF07D /* Decoder.swift */,
				6BCED14C289CF64D00F8A305 /* FetchData.swift */,
			);
			path = Utility;
			sourceTree = "<group>";
		};
		6BEC6C5B289E8AE400EFF342 /* ViewController */ = {
			isa = PBXGroup;
			children = (
				6B9242AB2898EED000E29CF8 /* WeekLongWeatherTableViewCell.swift */,
				6B92429B2898EDE300E29CF8 /* ViewController.swift */,
			);
			path = ViewController;
			sourceTree = "<group>";
		};
		6BEC6C5C289E8AF400EFF342 /* OtherCityViewController */ = {
			isa = PBXGroup;
			children = (
				6B14428B289C016100BDF07D /* OtherCityViewController.swift */,
				6BEC6C5F289EC5B800EFF342 /* CityWeatherTableViewCell.swift */,
			);
			path = OtherCityViewController;
			sourceTree = "<group>";
		};
/* End PBXGroup section */

/* Begin PBXNativeTarget section */
		6B9242932898EDE300E29CF8 /* Weather */ = {
			isa = PBXNativeTarget;
			buildConfigurationList = 6B9242A82898EDE500E29CF8 /* Build configuration list for PBXNativeTarget "Weather" */;
			buildPhases = (
				6B9242902898EDE300E29CF8 /* Sources */,
				6B9242912898EDE300E29CF8 /* Frameworks */,
				6B9242922898EDE300E29CF8 /* Resources */,
			);
			buildRules = (
			);
			dependencies = (
			);
			name = Weather;
			productName = Weather;
			productReference = 6B9242942898EDE300E29CF8 /* Weather.app */;
			productType = "com.apple.product-type.application";
		};
/* End PBXNativeTarget section */

/* Begin PBXProject section */
		6B92428C2898EDE300E29CF8 /* Project object */ = {
			isa = PBXProject;
			attributes = {
				BuildIndependentTargetsInParallel = 1;
				LastSwiftUpdateCheck = 1340;
				LastUpgradeCheck = 1340;
				TargetAttributes = {
					6B9242932898EDE300E29CF8 = {
						CreatedOnToolsVersion = 13.4.1;
					};
				};
			};
			buildConfigurationList = 6B92428F2898EDE300E29CF8 /* Build configuration list for PBXProject "Weather" */;
			compatibilityVersion = "Xcode 13.0";
			developmentRegion = en;
			hasScannedForEncodings = 0;
			knownRegions = (
				en,
				Base,
			);
			mainGroup = 6B92428B2898EDE300E29CF8;
			productRefGroup = 6B9242952898EDE300E29CF8 /* Products */;
			projectDirPath = "";
			projectRoot = "";
			targets = (
				6B9242932898EDE300E29CF8 /* Weather */,
			);
		};
/* End PBXProject section */

/* Begin PBXResourcesBuildPhase section */
		6B9242922898EDE300E29CF8 /* Resources */ = {
			isa = PBXResourcesBuildPhase;
			buildActionMask = 2147483647;
			files = (
				6B9242A42898EDE500E29CF8 /* LaunchScreen.storyboard in Resources */,
				6B9242A12898EDE500E29CF8 /* Assets.xcassets in Resources */,
				6B9242B128990B7B00E29CF8 /* WeatherInfo.plist in Resources */,
			);
			runOnlyForDeploymentPostprocessing = 0;
		};
/* End PBXResourcesBuildPhase section */

/* Begin PBXSourcesBuildPhase section */
		6B9242902898EDE300E29CF8 /* Sources */ = {
			isa = PBXSourcesBuildPhase;
			buildActionMask = 2147483647;
			files = (
				6B9242B328990C0100E29CF8 /* Weather++Bundle.swift in Sources */,
				6BEC6C60289EC5B800EFF342 /* CityWeatherTableViewCell.swift in Sources */,
				6B9242AC2898EED000E29CF8 /* WeekLongWeatherTableViewCell.swift in Sources */,
				6BCED14D289CF64D00F8A305 /* FetchData.swift in Sources */,
				6B9242AF2898F33000E29CF8 /* CurrentWeather.swift in Sources */,
				6B92429C2898EDE300E29CF8 /* ViewController.swift in Sources */,
				6B9242982898EDE300E29CF8 /* AppDelegate.swift in Sources */,
				6B92429A2898EDE300E29CF8 /* SceneDelegate.swift in Sources */,
				6B14428C289C016100BDF07D /* OtherCityViewController.swift in Sources */,
				6B14428A289BE33900BDF07D /* Decoder.swift in Sources */,
				6B6EB4A0289DA087009A80AD /* OtherCityWeather.swift in Sources */,
				6B01EEED289A74DF007C5B30 /* Weather.swift in Sources */,
			);
			runOnlyForDeploymentPostprocessing = 0;
		};
/* End PBXSourcesBuildPhase section */

/* Begin PBXVariantGroup section */
		6B9242A22898EDE500E29CF8 /* LaunchScreen.storyboard */ = {
			isa = PBXVariantGroup;
			children = (
				6B9242A32898EDE500E29CF8 /* Base */,
			);
			name = LaunchScreen.storyboard;
			sourceTree = "<group>";
		};
/* End PBXVariantGroup section */

/* Begin XCBuildConfiguration section */
		6B9242A62898EDE500E29CF8 /* Debug */ = {
			isa = XCBuildConfiguration;
			buildSettings = {
				ALWAYS_SEARCH_USER_PATHS = NO;
				CLANG_ANALYZER_NONNULL = YES;
				CLANG_ANALYZER_NUMBER_OBJECT_CONVERSION = YES_AGGRESSIVE;
				CLANG_CXX_LANGUAGE_STANDARD = "gnu++17";
				CLANG_ENABLE_MODULES = YES;
				CLANG_ENABLE_OBJC_ARC = YES;
				CLANG_ENABLE_OBJC_WEAK = YES;
				CLANG_WARN_BLOCK_CAPTURE_AUTORELEASING = YES;
				CLANG_WARN_BOOL_CONVERSION = YES;
				CLANG_WARN_COMMA = YES;
				CLANG_WARN_CONSTANT_CONVERSION = YES;
				CLANG_WARN_DEPRECATED_OBJC_IMPLEMENTATIONS = YES;
				CLANG_WARN_DIRECT_OBJC_ISA_USAGE = YES_ERROR;
				CLANG_WARN_DOCUMENTATION_COMMENTS = YES;
				CLANG_WARN_EMPTY_BODY = YES;
				CLANG_WARN_ENUM_CONVERSION = YES;
				CLANG_WARN_INFINITE_RECURSION = YES;
				CLANG_WARN_INT_CONVERSION = YES;
				CLANG_WARN_NON_LITERAL_NULL_CONVERSION = YES;
				CLANG_WARN_OBJC_IMPLICIT_RETAIN_SELF = YES;
				CLANG_WARN_OBJC_LITERAL_CONVERSION = YES;
				CLANG_WARN_OBJC_ROOT_CLASS = YES_ERROR;
				CLANG_WARN_QUOTED_INCLUDE_IN_FRAMEWORK_HEADER = YES;
				CLANG_WARN_RANGE_LOOP_ANALYSIS = YES;
				CLANG_WARN_STRICT_PROTOTYPES = YES;
				CLANG_WARN_SUSPICIOUS_MOVE = YES;
				CLANG_WARN_UNGUARDED_AVAILABILITY = YES_AGGRESSIVE;
				CLANG_WARN_UNREACHABLE_CODE = YES;
				CLANG_WARN__DUPLICATE_METHOD_MATCH = YES;
				COPY_PHASE_STRIP = NO;
				DEBUG_INFORMATION_FORMAT = dwarf;
				ENABLE_STRICT_OBJC_MSGSEND = YES;
				ENABLE_TESTABILITY = YES;
				GCC_C_LANGUAGE_STANDARD = gnu11;
				GCC_DYNAMIC_NO_PIC = NO;
				GCC_NO_COMMON_BLOCKS = YES;
				GCC_OPTIMIZATION_LEVEL = 0;
				GCC_PREPROCESSOR_DEFINITIONS = (
					"DEBUG=1",
					"$(inherited)",
				);
				GCC_WARN_64_TO_32_BIT_CONVERSION = YES;
				GCC_WARN_ABOUT_RETURN_TYPE = YES_ERROR;
				GCC_WARN_UNDECLARED_SELECTOR = YES;
				GCC_WARN_UNINITIALIZED_AUTOS = YES_AGGRESSIVE;
				GCC_WARN_UNUSED_FUNCTION = YES;
				GCC_WARN_UNUSED_VARIABLE = YES;
				IPHONEOS_DEPLOYMENT_TARGET = 15.5;
				MTL_ENABLE_DEBUG_INFO = INCLUDE_SOURCE;
				MTL_FAST_MATH = YES;
				ONLY_ACTIVE_ARCH = YES;
				SDKROOT = iphoneos;
				SWIFT_ACTIVE_COMPILATION_CONDITIONS = DEBUG;
				SWIFT_OPTIMIZATION_LEVEL = "-Onone";
			};
			name = Debug;
		};
		6B9242A72898EDE500E29CF8 /* Release */ = {
			isa = XCBuildConfiguration;
			buildSettings = {
				ALWAYS_SEARCH_USER_PATHS = NO;
				CLANG_ANALYZER_NONNULL = YES;
				CLANG_ANALYZER_NUMBER_OBJECT_CONVERSION = YES_AGGRESSIVE;
				CLANG_CXX_LANGUAGE_STANDARD = "gnu++17";
				CLANG_ENABLE_MODULES = YES;
				CLANG_ENABLE_OBJC_ARC = YES;
				CLANG_ENABLE_OBJC_WEAK = YES;
				CLANG_WARN_BLOCK_CAPTURE_AUTORELEASING = YES;
				CLANG_WARN_BOOL_CONVERSION = YES;
				CLANG_WARN_COMMA = YES;
				CLANG_WARN_CONSTANT_CONVERSION = YES;
				CLANG_WARN_DEPRECATED_OBJC_IMPLEMENTATIONS = YES;
				CLANG_WARN_DIRECT_OBJC_ISA_USAGE = YES_ERROR;
				CLANG_WARN_DOCUMENTATION_COMMENTS = YES;
				CLANG_WARN_EMPTY_BODY = YES;
				CLANG_WARN_ENUM_CONVERSION = YES;
				CLANG_WARN_INFINITE_RECURSION = YES;
				CLANG_WARN_INT_CONVERSION = YES;
				CLANG_WARN_NON_LITERAL_NULL_CONVERSION = YES;
				CLANG_WARN_OBJC_IMPLICIT_RETAIN_SELF = YES;
				CLANG_WARN_OBJC_LITERAL_CONVERSION = YES;
				CLANG_WARN_OBJC_ROOT_CLASS = YES_ERROR;
				CLANG_WARN_QUOTED_INCLUDE_IN_FRAMEWORK_HEADER = YES;
				CLANG_WARN_RANGE_LOOP_ANALYSIS = YES;
				CLANG_WARN_STRICT_PROTOTYPES = YES;
				CLANG_WARN_SUSPICIOUS_MOVE = YES;
				CLANG_WARN_UNGUARDED_AVAILABILITY = YES_AGGRESSIVE;
				CLANG_WARN_UNREACHABLE_CODE = YES;
				CLANG_WARN__DUPLICATE_METHOD_MATCH = YES;
				COPY_PHASE_STRIP = NO;
				DEBUG_INFORMATION_FORMAT = "dwarf-with-dsym";
				ENABLE_NS_ASSERTIONS = NO;
				ENABLE_STRICT_OBJC_MSGSEND = YES;
				GCC_C_LANGUAGE_STANDARD = gnu11;
				GCC_NO_COMMON_BLOCKS = YES;
				GCC_WARN_64_TO_32_BIT_CONVERSION = YES;
				GCC_WARN_ABOUT_RETURN_TYPE = YES_ERROR;
				GCC_WARN_UNDECLARED_SELECTOR = YES;
				GCC_WARN_UNINITIALIZED_AUTOS = YES_AGGRESSIVE;
				GCC_WARN_UNUSED_FUNCTION = YES;
				GCC_WARN_UNUSED_VARIABLE = YES;
				IPHONEOS_DEPLOYMENT_TARGET = 15.5;
				MTL_ENABLE_DEBUG_INFO = NO;
				MTL_FAST_MATH = YES;
				SDKROOT = iphoneos;
				SWIFT_COMPILATION_MODE = wholemodule;
				SWIFT_OPTIMIZATION_LEVEL = "-O";
				VALIDATE_PRODUCT = YES;
			};
			name = Release;
		};
		6B9242A92898EDE500E29CF8 /* Debug */ = {
			isa = XCBuildConfiguration;
			buildSettings = {
				ASSETCATALOG_COMPILER_APPICON_NAME = AppIcon;
				ASSETCATALOG_COMPILER_GLOBAL_ACCENT_COLOR_NAME = AccentColor;
				CODE_SIGN_STYLE = Automatic;
				CURRENT_PROJECT_VERSION = 1;
				DEVELOPMENT_TEAM = 65KV6R2AGS;
				GENERATE_INFOPLIST_FILE = YES;
				INFOPLIST_FILE = Weather/Info.plist;
				INFOPLIST_KEY_UIApplicationSupportsIndirectInputEvents = YES;
				INFOPLIST_KEY_UILaunchStoryboardName = LaunchScreen;
				INFOPLIST_KEY_UISupportedInterfaceOrientations_iPad = "UIInterfaceOrientationPortrait UIInterfaceOrientationPortraitUpsideDown UIInterfaceOrientationLandscapeLeft UIInterfaceOrientationLandscapeRight";
				INFOPLIST_KEY_UISupportedInterfaceOrientations_iPhone = "UIInterfaceOrientationPortrait UIInterfaceOrientationLandscapeLeft UIInterfaceOrientationLandscapeRight";
				LD_RUNPATH_SEARCH_PATHS = (
					"$(inherited)",
					"@executable_path/Frameworks",
				);
				MARKETING_VERSION = 1.0;
				PRODUCT_BUNDLE_IDENTIFIER = Weather.Weather;
				PRODUCT_NAME = "$(TARGET_NAME)";
				SWIFT_EMIT_LOC_STRINGS = YES;
				SWIFT_VERSION = 5.0;
				TARGETED_DEVICE_FAMILY = "1,2";
			};
			name = Debug;
		};
		6B9242AA2898EDE500E29CF8 /* Release */ = {
			isa = XCBuildConfiguration;
			buildSettings = {
				ASSETCATALOG_COMPILER_APPICON_NAME = AppIcon;
				ASSETCATALOG_COMPILER_GLOBAL_ACCENT_COLOR_NAME = AccentColor;
				CODE_SIGN_STYLE = Automatic;
				CURRENT_PROJECT_VERSION = 1;
				DEVELOPMENT_TEAM = 65KV6R2AGS;
				GENERATE_INFOPLIST_FILE = YES;
				INFOPLIST_FILE = Weather/Info.plist;
				INFOPLIST_KEY_UIApplicationSupportsIndirectInputEvents = YES;
				INFOPLIST_KEY_UILaunchStoryboardName = LaunchScreen;
				INFOPLIST_KEY_UISupportedInterfaceOrientations_iPad = "UIInterfaceOrientationPortrait UIInterfaceOrientationPortraitUpsideDown UIInterfaceOrientationLandscapeLeft UIInterfaceOrientationLandscapeRight";
				INFOPLIST_KEY_UISupportedInterfaceOrientations_iPhone = "UIInterfaceOrientationPortrait UIInterfaceOrientationLandscapeLeft UIInterfaceOrientationLandscapeRight";
				LD_RUNPATH_SEARCH_PATHS = (
					"$(inherited)",
					"@executable_path/Frameworks",
				);
				MARKETING_VERSION = 1.0;
				PRODUCT_BUNDLE_IDENTIFIER = Weather.Weather;
				PRODUCT_NAME = "$(TARGET_NAME)";
				SWIFT_EMIT_LOC_STRINGS = YES;
				SWIFT_VERSION = 5.0;
				TARGETED_DEVICE_FAMILY = "1,2";
			};
			name = Release;
		};
/* End XCBuildConfiguration section */

/* Begin XCConfigurationList section */
		6B92428F2898EDE300E29CF8 /* Build configuration list for PBXProject "Weather" */ = {
			isa = XCConfigurationList;
			buildConfigurations = (
				6B9242A62898EDE500E29CF8 /* Debug */,
				6B9242A72898EDE500E29CF8 /* Release */,
			);
			defaultConfigurationIsVisible = 0;
			defaultConfigurationName = Release;
		};
		6B9242A82898EDE500E29CF8 /* Build configuration list for PBXNativeTarget "Weather" */ = {
			isa = XCConfigurationList;
			buildConfigurations = (
				6B9242A92898EDE500E29CF8 /* Debug */,
				6B9242AA2898EDE500E29CF8 /* Release */,
			);
			defaultConfigurationIsVisible = 0;
			defaultConfigurationName = Release;
		};
/* End XCConfigurationList section */
	};
	rootObject = 6B92428C2898EDE300E29CF8 /* Project object */;
}
