// !$*UTF8*$!
{
	archiveVersion = 1;
	classes = {
	};
	objectVersion = 55;
	objects = {

/* Begin PBXBuildFile section */
		6B01EEED289A74DF007C5B30 /* TypeOfWeather.swift in Sources */ = {isa = PBXBuildFile; fileRef = 6B01EEEC289A74DF007C5B30 /* TypeOfWeather.swift */; };
		6B081F0C294DBD83008CE18F /* LocalizationTests.swift in Sources */ = {isa = PBXBuildFile; fileRef = 6B081F0B294DBD83008CE18F /* LocalizationTests.swift */; };
		6B14428A289BE33900BDF07D /* Decoder.swift in Sources */ = {isa = PBXBuildFile; fileRef = 6B144289289BE33800BDF07D /* Decoder.swift */; };
		6B14428C289C016100BDF07D /* OtherCitiesViewController.swift in Sources */ = {isa = PBXBuildFile; fileRef = 6B14428B289C016100BDF07D /* OtherCitiesViewController.swift */; };
		6B285EE928B206B0001A4291 /* BookmarkManager.swift in Sources */ = {isa = PBXBuildFile; fileRef = 6B285EE828B206B0001A4291 /* BookmarkManager.swift */; };
		6B4E887728EB549D00723006 /* InfoPlist.strings in Resources */ = {isa = PBXBuildFile; fileRef = 6B4E887928EB549D00723006 /* InfoPlist.strings */; };
		6B548AFE294D442200ACD7AC /* WeatherControllable.swift in Sources */ = {isa = PBXBuildFile; fileRef = 6B548AFD294D442200ACD7AC /* WeatherControllable.swift */; };
		6B548B06294D55DF00ACD7AC /* LocationService.swift in Sources */ = {isa = PBXBuildFile; fileRef = 6B548B05294D55DF00ACD7AC /* LocationService.swift */; };
		6B548B0D294D5FD300ACD7AC /* SearchUITests.swift in Sources */ = {isa = PBXBuildFile; fileRef = 6B548B0C294D5FD300ACD7AC /* SearchUITests.swift */; };
		6B58B49C28A181E500BA9F71 /* Forecast.swift in Sources */ = {isa = PBXBuildFile; fileRef = 6B58B49B28A181E500BA9F71 /* Forecast.swift */; };
		6B5B4CEE29479F9D008BE5B1 /* Localizable.strings in Resources */ = {isa = PBXBuildFile; fileRef = 6B5B4CF029479F9D008BE5B1 /* Localizable.strings */; };
		6B5B4CF32947A0C9008BE5B1 /* String.swift in Sources */ = {isa = PBXBuildFile; fileRef = 6B5B4CF22947A0C9008BE5B1 /* String.swift */; };
		6B6EB4A0289DA087009A80AD /* WeatherOfCity.swift in Sources */ = {isa = PBXBuildFile; fileRef = 6B6EB49F289DA087009A80AD /* WeatherOfCity.swift */; };
		6B712036294C650400A97C72 /* NetworkTaskTests.swift in Sources */ = {isa = PBXBuildFile; fileRef = 6B712035294C650400A97C72 /* NetworkTaskTests.swift */; };
		6B71ABC72939DE75000DB772 /* Alert.swift in Sources */ = {isa = PBXBuildFile; fileRef = 6B71ABC62939DE75000DB772 /* Alert.swift */; };
		6B73813D28EB679300D98CEC /* TabBarController.swift in Sources */ = {isa = PBXBuildFile; fileRef = 6B73813C28EB679200D98CEC /* TabBarController.swift */; };
		6B84DA2B28A40C1A002EF4DC /* FetchImageName.swift in Sources */ = {isa = PBXBuildFile; fileRef = 6B84DA2A28A40C1A002EF4DC /* FetchImageName.swift */; };
		6B9242982898EDE300E29CF8 /* AppDelegate.swift in Sources */ = {isa = PBXBuildFile; fileRef = 6B9242972898EDE300E29CF8 /* AppDelegate.swift */; };
		6B92429A2898EDE300E29CF8 /* SceneDelegate.swift in Sources */ = {isa = PBXBuildFile; fileRef = 6B9242992898EDE300E29CF8 /* SceneDelegate.swift */; };
		6B92429C2898EDE300E29CF8 /* CurrentWeatherViewController.swift in Sources */ = {isa = PBXBuildFile; fileRef = 6B92429B2898EDE300E29CF8 /* CurrentWeatherViewController.swift */; };
		6B9242A12898EDE500E29CF8 /* Assets.xcassets in Resources */ = {isa = PBXBuildFile; fileRef = 6B9242A02898EDE500E29CF8 /* Assets.xcassets */; };
		6B9242A42898EDE500E29CF8 /* LaunchScreen.storyboard in Resources */ = {isa = PBXBuildFile; fileRef = 6B9242A22898EDE500E29CF8 /* LaunchScreen.storyboard */; };
		6B9242AC2898EED000E29CF8 /* WeatherForecastTableViewCell.swift in Sources */ = {isa = PBXBuildFile; fileRef = 6B9242AB2898EED000E29CF8 /* WeatherForecastTableViewCell.swift */; };
		6B98DD99294F21CD00DD8845 /* Storable.swift in Sources */ = {isa = PBXBuildFile; fileRef = 6B98DD98294F21CD00DD8845 /* Storable.swift */; };
		6BA4F0C929176CF200102A6F /* CurrentCity.swift in Sources */ = {isa = PBXBuildFile; fileRef = 6BA4F0C829176CF200102A6F /* CurrentCity.swift */; };
		6BA4F0CB2917783500102A6F /* AnotherCity.swift in Sources */ = {isa = PBXBuildFile; fileRef = 6BA4F0CA2917783500102A6F /* AnotherCity.swift */; };
		6BA4F0CE291779F500102A6F /* OtherCities.swift in Sources */ = {isa = PBXBuildFile; fileRef = 6BA4F0CD291779F500102A6F /* OtherCities.swift */; };
		6BB587C9289FF0A100CBCF92 /* CityName.swift in Sources */ = {isa = PBXBuildFile; fileRef = 6BB587C8289FF0A000CBCF92 /* CityName.swift */; };
		6BC933A428AF844B00789150 /* Model.xcdatamodeld in Sources */ = {isa = PBXBuildFile; fileRef = 6BC933A228AF844B00789150 /* Model.xcdatamodeld */; };
		6BCED14D289CF64D00F8A305 /* NetworkManager.swift in Sources */ = {isa = PBXBuildFile; fileRef = 6BCED14C289CF64D00F8A305 /* NetworkManager.swift */; };
		6BEAF02D28A1370500D0BB6D /* TodayWeatherForecastCollectionViewCell.swift in Sources */ = {isa = PBXBuildFile; fileRef = 6BEAF02C28A1370500D0BB6D /* TodayWeatherForecastCollectionViewCell.swift */; };
		6BEC6C60289EC5B800EFF342 /* CityWeatherTableViewCell.swift in Sources */ = {isa = PBXBuildFile; fileRef = 6BEC6C5F289EC5B800EFF342 /* CityWeatherTableViewCell.swift */; };
		6BF4C6F328AC9ABF009FC118 /* AppNamespace.swift in Sources */ = {isa = PBXBuildFile; fileRef = 6BF4C6F228AC9ABF009FC118 /* AppNamespace.swift */; };
/* End PBXBuildFile section */

/* Begin PBXContainerItemProxy section */
		6B32243029495D6A008E4B3D /* PBXContainerItemProxy */ = {
			isa = PBXContainerItemProxy;
			containerPortal = 6B92428C2898EDE300E29CF8 /* Project object */;
			proxyType = 1;
			remoteGlobalIDString = 6B9242932898EDE300E29CF8;
			remoteInfo = YeolmokWeather;
		};
		6B32243F29495D76008E4B3D /* PBXContainerItemProxy */ = {
			isa = PBXContainerItemProxy;
			containerPortal = 6B92428C2898EDE300E29CF8 /* Project object */;
			proxyType = 1;
			remoteGlobalIDString = 6B9242932898EDE300E29CF8;
			remoteInfo = YeolmokWeather;
		};
/* End PBXContainerItemProxy section */

/* Begin PBXFileReference section */
		6B01EEEC289A74DF007C5B30 /* TypeOfWeather.swift */ = {isa = PBXFileReference; lastKnownFileType = sourcecode.swift; path = TypeOfWeather.swift; sourceTree = "<group>"; };
		6B081F0B294DBD83008CE18F /* LocalizationTests.swift */ = {isa = PBXFileReference; lastKnownFileType = sourcecode.swift; path = LocalizationTests.swift; sourceTree = "<group>"; };
		6B081F0D294DC48B008CE18F /* TestPlan.xctestplan */ = {isa = PBXFileReference; lastKnownFileType = text; path = TestPlan.xctestplan; sourceTree = "<group>"; };
		6B144289289BE33800BDF07D /* Decoder.swift */ = {isa = PBXFileReference; lastKnownFileType = sourcecode.swift; path = Decoder.swift; sourceTree = "<group>"; };
		6B14428B289C016100BDF07D /* OtherCitiesViewController.swift */ = {isa = PBXFileReference; lastKnownFileType = sourcecode.swift; path = OtherCitiesViewController.swift; sourceTree = "<group>"; };
		6B285EE828B206B0001A4291 /* BookmarkManager.swift */ = {isa = PBXFileReference; lastKnownFileType = sourcecode.swift; path = BookmarkManager.swift; sourceTree = "<group>"; };
		6B32242C29495D6A008E4B3D /* YeolmokWeatherTests.xctest */ = {isa = PBXFileReference; explicitFileType = wrapper.cfbundle; includeInIndex = 0; path = YeolmokWeatherTests.xctest; sourceTree = BUILT_PRODUCTS_DIR; };
		6B32243929495D76008E4B3D /* YeolmokWeatherUITests.xctest */ = {isa = PBXFileReference; explicitFileType = wrapper.cfbundle; includeInIndex = 0; path = YeolmokWeatherUITests.xctest; sourceTree = BUILT_PRODUCTS_DIR; };
		6B42A53F294DD195005868E8 /* UITestPlan.xctestplan */ = {isa = PBXFileReference; lastKnownFileType = text; path = UITestPlan.xctestplan; sourceTree = "<group>"; };
		6B4E887828EB549D00723006 /* en */ = {isa = PBXFileReference; lastKnownFileType = text.plist.strings; name = en; path = en.lproj/InfoPlist.strings; sourceTree = "<group>"; };
		6B4E887A28EB54C400723006 /* ko */ = {isa = PBXFileReference; lastKnownFileType = text.plist.strings; name = ko; path = ko.lproj/InfoPlist.strings; sourceTree = "<group>"; };
		6B502D772948F22900B88231 /* Base */ = {isa = PBXFileReference; lastKnownFileType = file.storyboard; name = Base; path = Base.lproj/LaunchScreen.storyboard; sourceTree = "<group>"; };
		6B548AFD294D442200ACD7AC /* WeatherControllable.swift */ = {isa = PBXFileReference; lastKnownFileType = sourcecode.swift; path = WeatherControllable.swift; sourceTree = "<group>"; };
		6B548B05294D55DF00ACD7AC /* LocationService.swift */ = {isa = PBXFileReference; lastKnownFileType = sourcecode.swift; path = LocationService.swift; sourceTree = "<group>"; };
		6B548B0C294D5FD300ACD7AC /* SearchUITests.swift */ = {isa = PBXFileReference; lastKnownFileType = sourcecode.swift; path = SearchUITests.swift; sourceTree = "<group>"; };
		6B58B49B28A181E500BA9F71 /* Forecast.swift */ = {isa = PBXFileReference; lastKnownFileType = sourcecode.swift; path = Forecast.swift; sourceTree = "<group>"; };
		6B5B4CEF29479F9D008BE5B1 /* en */ = {isa = PBXFileReference; lastKnownFileType = text.plist.strings; name = en; path = en.lproj/Localizable.strings; sourceTree = "<group>"; };
		6B5B4CF129479FC4008BE5B1 /* ko */ = {isa = PBXFileReference; lastKnownFileType = text.plist.strings; name = ko; path = ko.lproj/Localizable.strings; sourceTree = "<group>"; };
		6B5B4CF22947A0C9008BE5B1 /* String.swift */ = {isa = PBXFileReference; lastKnownFileType = sourcecode.swift; path = String.swift; sourceTree = "<group>"; };
		6B6EB49F289DA087009A80AD /* WeatherOfCity.swift */ = {isa = PBXFileReference; lastKnownFileType = sourcecode.swift; path = WeatherOfCity.swift; sourceTree = "<group>"; };
		6B712035294C650400A97C72 /* NetworkTaskTests.swift */ = {isa = PBXFileReference; lastKnownFileType = sourcecode.swift; path = NetworkTaskTests.swift; sourceTree = "<group>"; };
		6B71ABC62939DE75000DB772 /* Alert.swift */ = {isa = PBXFileReference; lastKnownFileType = sourcecode.swift; path = Alert.swift; sourceTree = "<group>"; };
		6B73813C28EB679200D98CEC /* TabBarController.swift */ = {isa = PBXFileReference; lastKnownFileType = sourcecode.swift; path = TabBarController.swift; sourceTree = "<group>"; };
		6B84DA2A28A40C1A002EF4DC /* FetchImageName.swift */ = {isa = PBXFileReference; lastKnownFileType = sourcecode.swift; path = FetchImageName.swift; sourceTree = "<group>"; };
		6B8CE25D293909BF00C8DC4B /* ApiKey.xcconfig */ = {isa = PBXFileReference; lastKnownFileType = text.xcconfig; path = ApiKey.xcconfig; sourceTree = "<group>"; };
		6B9242942898EDE300E29CF8 /* YeolmokWeather.app */ = {isa = PBXFileReference; explicitFileType = wrapper.application; includeInIndex = 0; path = YeolmokWeather.app; sourceTree = BUILT_PRODUCTS_DIR; };
		6B9242972898EDE300E29CF8 /* AppDelegate.swift */ = {isa = PBXFileReference; lastKnownFileType = sourcecode.swift; path = AppDelegate.swift; sourceTree = "<group>"; };
		6B9242992898EDE300E29CF8 /* SceneDelegate.swift */ = {isa = PBXFileReference; lastKnownFileType = sourcecode.swift; path = SceneDelegate.swift; sourceTree = "<group>"; };
		6B92429B2898EDE300E29CF8 /* CurrentWeatherViewController.swift */ = {isa = PBXFileReference; lastKnownFileType = sourcecode.swift; path = CurrentWeatherViewController.swift; sourceTree = "<group>"; tabWidth = 5; };
		6B9242A02898EDE500E29CF8 /* Assets.xcassets */ = {isa = PBXFileReference; lastKnownFileType = folder.assetcatalog; path = Assets.xcassets; sourceTree = "<group>"; };
		6B9242A52898EDE500E29CF8 /* Info.plist */ = {isa = PBXFileReference; lastKnownFileType = text.plist.xml; path = Info.plist; sourceTree = "<group>"; };
		6B9242AB2898EED000E29CF8 /* WeatherForecastTableViewCell.swift */ = {isa = PBXFileReference; lastKnownFileType = sourcecode.swift; path = WeatherForecastTableViewCell.swift; sourceTree = "<group>"; };
		6B98DD98294F21CD00DD8845 /* Storable.swift */ = {isa = PBXFileReference; lastKnownFileType = sourcecode.swift; path = Storable.swift; sourceTree = "<group>"; };
		6BA4F0C829176CF200102A6F /* CurrentCity.swift */ = {isa = PBXFileReference; lastKnownFileType = sourcecode.swift; path = CurrentCity.swift; sourceTree = "<group>"; };
		6BA4F0CA2917783500102A6F /* AnotherCity.swift */ = {isa = PBXFileReference; lastKnownFileType = sourcecode.swift; path = AnotherCity.swift; sourceTree = "<group>"; };
		6BA4F0CD291779F500102A6F /* OtherCities.swift */ = {isa = PBXFileReference; lastKnownFileType = sourcecode.swift; path = OtherCities.swift; sourceTree = "<group>"; };
		6BB587C8289FF0A000CBCF92 /* CityName.swift */ = {isa = PBXFileReference; lastKnownFileType = sourcecode.swift; path = CityName.swift; sourceTree = "<group>"; };
		6BC933A328AF844B00789150 /* Model.xcdatamodel */ = {isa = PBXFileReference; lastKnownFileType = wrapper.xcdatamodel; path = Model.xcdatamodel; sourceTree = "<group>"; };
		6BCED14C289CF64D00F8A305 /* NetworkManager.swift */ = {isa = PBXFileReference; lastKnownFileType = sourcecode.swift; path = NetworkManager.swift; sourceTree = "<group>"; };
		6BEAF02C28A1370500D0BB6D /* TodayWeatherForecastCollectionViewCell.swift */ = {isa = PBXFileReference; lastKnownFileType = sourcecode.swift; path = TodayWeatherForecastCollectionViewCell.swift; sourceTree = "<group>"; };
		6BEC6C5F289EC5B800EFF342 /* CityWeatherTableViewCell.swift */ = {isa = PBXFileReference; lastKnownFileType = sourcecode.swift; path = CityWeatherTableViewCell.swift; sourceTree = "<group>"; };
		6BF4C6F228AC9ABF009FC118 /* AppNamespace.swift */ = {isa = PBXFileReference; lastKnownFileType = sourcecode.swift; path = AppNamespace.swift; sourceTree = "<group>"; };
/* End PBXFileReference section */

/* Begin PBXFrameworksBuildPhase section */
		6B32242929495D6A008E4B3D /* Frameworks */ = {
			isa = PBXFrameworksBuildPhase;
			buildActionMask = 2147483647;
			files = (
			);
			runOnlyForDeploymentPostprocessing = 0;
		};
		6B32243629495D76008E4B3D /* Frameworks */ = {
			isa = PBXFrameworksBuildPhase;
			buildActionMask = 2147483647;
			files = (
			);
			runOnlyForDeploymentPostprocessing = 0;
		};
		6B9242912898EDE300E29CF8 /* Frameworks */ = {
			isa = PBXFrameworksBuildPhase;
			buildActionMask = 2147483647;
			files = (
			);
			runOnlyForDeploymentPostprocessing = 0;
		};
/* End PBXFrameworksBuildPhase section */

/* Begin PBXGroup section */
		6B009E0928999A5900CD0FEF /* API_KEY */ = {
			isa = PBXGroup;
			children = (
				6B8CE25D293909BF00C8DC4B /* ApiKey.xcconfig */,
			);
			path = API_KEY;
			sourceTree = "<group>";
		};
		6B0E6D43294EA78F0063AAC1 /* CommonUse */ = {
			isa = PBXGroup;
			children = (
				6BEAF02C28A1370500D0BB6D /* TodayWeatherForecastCollectionViewCell.swift */,
			);
			path = CommonUse;
			sourceTree = "<group>";
		};
		6B32242D29495D6A008E4B3D /* YeolmokWeatherTests */ = {
			isa = PBXGroup;
			children = (
				6B081F0D294DC48B008CE18F /* TestPlan.xctestplan */,
				6B712035294C650400A97C72 /* NetworkTaskTests.swift */,
				6B081F0B294DBD83008CE18F /* LocalizationTests.swift */,
			);
			path = YeolmokWeatherTests;
			sourceTree = "<group>";
		};
		6B32243A29495D76008E4B3D /* YeolmokWeatherUITests */ = {
			isa = PBXGroup;
			children = (
				6B548B0C294D5FD300ACD7AC /* SearchUITests.swift */,
				6B42A53F294DD195005868E8 /* UITestPlan.xctestplan */,
			);
			path = YeolmokWeatherUITests;
			sourceTree = "<group>";
		};
		6B4E887B28EB667300723006 /* TabBar */ = {
			isa = PBXGroup;
			children = (
				6B73813C28EB679200D98CEC /* TabBarController.swift */,
			);
			path = TabBar;
			sourceTree = "<group>";
		};
		6B548AFB294D43F500ACD7AC /* Protocols */ = {
			isa = PBXGroup;
			children = (
				6B548AFD294D442200ACD7AC /* WeatherControllable.swift */,
				6B548B05294D55DF00ACD7AC /* LocationService.swift */,
				6B98DD98294F21CD00DD8845 /* Storable.swift */,
			);
			path = Protocols;
			sourceTree = "<group>";
		};
		6B71ABC42939DE49000DB772 /* extensions */ = {
			isa = PBXGroup;
			children = (
				6B71ABC62939DE75000DB772 /* Alert.swift */,
				6B5B4CF22947A0C9008BE5B1 /* String.swift */,
			);
			path = extensions;
			sourceTree = "<group>";
		};
		6B92428B2898EDE300E29CF8 = {
			isa = PBXGroup;
			children = (
				6B9242962898EDE300E29CF8 /* YeolmokWeather */,
				6B32242D29495D6A008E4B3D /* YeolmokWeatherTests */,
				6B32243A29495D76008E4B3D /* YeolmokWeatherUITests */,
				6B9242952898EDE300E29CF8 /* Products */,
			);
			sourceTree = "<group>";
		};
		6B9242952898EDE300E29CF8 /* Products */ = {
			isa = PBXGroup;
			children = (
				6B9242942898EDE300E29CF8 /* YeolmokWeather.app */,
				6B32242C29495D6A008E4B3D /* YeolmokWeatherTests.xctest */,
				6B32243929495D76008E4B3D /* YeolmokWeatherUITests.xctest */,
			);
			name = Products;
			sourceTree = "<group>";
		};
		6B9242962898EDE300E29CF8 /* YeolmokWeather */ = {
			isa = PBXGroup;
			children = (
				6B548AFB294D43F500ACD7AC /* Protocols */,
				6B71ABC42939DE49000DB772 /* extensions */,
				6B4E887B28EB667300723006 /* TabBar */,
				6BCED14A289CF5C800F8A305 /* Delegate */,
				6B009E0928999A5900CD0FEF /* API_KEY */,
				6B0E6D43294EA78F0063AAC1 /* CommonUse */,
				6BEC6C5C289E8AF400EFF342 /* OtherCities */,
				6BEC6C5B289E8AE400EFF342 /* CurrentWeather */,
				6BCED14B289CF5E800F8A305 /* Utilities */,
				6B9242AD2898F31F00E29CF8 /* Entities */,
				6B9242A02898EDE500E29CF8 /* Assets.xcassets */,
				6B9242A22898EDE500E29CF8 /* LaunchScreen.storyboard */,
				6B9242A52898EDE500E29CF8 /* Info.plist */,
				6BC933A228AF844B00789150 /* Model.xcdatamodeld */,
				6B4E887928EB549D00723006 /* InfoPlist.strings */,
				6B5B4CF029479F9D008BE5B1 /* Localizable.strings */,
			);
			path = YeolmokWeather;
			sourceTree = "<group>";
		};
		6B9242AD2898F31F00E29CF8 /* Entities */ = {
			isa = PBXGroup;
			children = (
				6BA4F0CA2917783500102A6F /* AnotherCity.swift */,
				6B6EB49F289DA087009A80AD /* WeatherOfCity.swift */,
				6BB587C8289FF0A000CBCF92 /* CityName.swift */,
				6B58B49B28A181E500BA9F71 /* Forecast.swift */,
			);
			path = Entities;
			sourceTree = "<group>";
		};
		6BCED14A289CF5C800F8A305 /* Delegate */ = {
			isa = PBXGroup;
			children = (
				6B9242972898EDE300E29CF8 /* AppDelegate.swift */,
				6B9242992898EDE300E29CF8 /* SceneDelegate.swift */,
			);
			path = Delegate;
			sourceTree = "<group>";
		};
		6BCED14B289CF5E800F8A305 /* Utilities */ = {
			isa = PBXGroup;
			children = (
				6BCED14C289CF64D00F8A305 /* NetworkManager.swift */,
				6B285EE828B206B0001A4291 /* BookmarkManager.swift */,
				6B144289289BE33800BDF07D /* Decoder.swift */,
				6B84DA2A28A40C1A002EF4DC /* FetchImageName.swift */,
				6B01EEEC289A74DF007C5B30 /* TypeOfWeather.swift */,
				6BF4C6F228AC9ABF009FC118 /* AppNamespace.swift */,
			);
			path = Utilities;
			sourceTree = "<group>";
		};
		6BEC6C5B289E8AE400EFF342 /* CurrentWeather */ = {
			isa = PBXGroup;
			children = (
				6B92429B2898EDE300E29CF8 /* CurrentWeatherViewController.swift */,
				6B9242AB2898EED000E29CF8 /* WeatherForecastTableViewCell.swift */,
				6BA4F0C829176CF200102A6F /* CurrentCity.swift */,
			);
			path = CurrentWeather;
			sourceTree = "<group>";
		};
		6BEC6C5C289E8AF400EFF342 /* OtherCities */ = {
			isa = PBXGroup;
			children = (
				6B14428B289C016100BDF07D /* OtherCitiesViewController.swift */,
				6BEC6C5F289EC5B800EFF342 /* CityWeatherTableViewCell.swift */,
				6BA4F0CD291779F500102A6F /* OtherCities.swift */,
			);
			path = OtherCities;
			sourceTree = "<group>";
		};
/* End PBXGroup section */

/* Begin PBXNativeTarget section */
		6B32242B29495D6A008E4B3D /* YeolmokWeatherTests */ = {
			isa = PBXNativeTarget;
			buildConfigurationList = 6B32243229495D6A008E4B3D /* Build configuration list for PBXNativeTarget "YeolmokWeatherTests" */;
			buildPhases = (
				6B32242829495D6A008E4B3D /* Sources */,
				6B32242929495D6A008E4B3D /* Frameworks */,
				6B32242A29495D6A008E4B3D /* Resources */,
			);
			buildRules = (
			);
			dependencies = (
				6B32243129495D6A008E4B3D /* PBXTargetDependency */,
			);
			name = YeolmokWeatherTests;
			productName = YeolmokWeatherTests;
			productReference = 6B32242C29495D6A008E4B3D /* YeolmokWeatherTests.xctest */;
			productType = "com.apple.product-type.bundle.unit-test";
		};
		6B32243829495D76008E4B3D /* YeolmokWeatherUITests */ = {
			isa = PBXNativeTarget;
			buildConfigurationList = 6B32244129495D76008E4B3D /* Build configuration list for PBXNativeTarget "YeolmokWeatherUITests" */;
			buildPhases = (
				6B32243529495D76008E4B3D /* Sources */,
				6B32243629495D76008E4B3D /* Frameworks */,
				6B32243729495D76008E4B3D /* Resources */,
			);
			buildRules = (
			);
			dependencies = (
				6B32244029495D76008E4B3D /* PBXTargetDependency */,
			);
			name = YeolmokWeatherUITests;
			productName = YeolmokWeatherUITests;
			productReference = 6B32243929495D76008E4B3D /* YeolmokWeatherUITests.xctest */;
			productType = "com.apple.product-type.bundle.ui-testing";
		};
		6B9242932898EDE300E29CF8 /* YeolmokWeather */ = {
			isa = PBXNativeTarget;
			buildConfigurationList = 6B9242A82898EDE500E29CF8 /* Build configuration list for PBXNativeTarget "YeolmokWeather" */;
			buildPhases = (
				6B9242902898EDE300E29CF8 /* Sources */,
				6B9242912898EDE300E29CF8 /* Frameworks */,
				6B9242922898EDE300E29CF8 /* Resources */,
			);
			buildRules = (
			);
			dependencies = (
			);
			name = YeolmokWeather;
			packageProductDependencies = (
			);
			productName = Weather;
			productReference = 6B9242942898EDE300E29CF8 /* YeolmokWeather.app */;
			productType = "com.apple.product-type.application";
		};
/* End PBXNativeTarget section */

/* Begin PBXProject section */
		6B92428C2898EDE300E29CF8 /* Project object */ = {
			isa = PBXProject;
			attributes = {
				BuildIndependentTargetsInParallel = 1;
				LastSwiftUpdateCheck = 1410;
				LastUpgradeCheck = 1340;
				TargetAttributes = {
					6B32242B29495D6A008E4B3D = {
						CreatedOnToolsVersion = 14.1;
						TestTargetID = 6B9242932898EDE300E29CF8;
					};
					6B32243829495D76008E4B3D = {
						CreatedOnToolsVersion = 14.1;
						TestTargetID = 6B9242932898EDE300E29CF8;
					};
					6B9242932898EDE300E29CF8 = {
						CreatedOnToolsVersion = 13.4.1;
					};
				};
			};
			buildConfigurationList = 6B92428F2898EDE300E29CF8 /* Build configuration list for PBXProject "YeolmokWeather" */;
			compatibilityVersion = "Xcode 13.0";
			developmentRegion = en;
			hasScannedForEncodings = 0;
			knownRegions = (
				en,
				ko,
				Base,
			);
			mainGroup = 6B92428B2898EDE300E29CF8;
			packageReferences = (
			);
			productRefGroup = 6B9242952898EDE300E29CF8 /* Products */;
			projectDirPath = "";
			projectRoot = "";
			targets = (
				6B9242932898EDE300E29CF8 /* YeolmokWeather */,
				6B32242B29495D6A008E4B3D /* YeolmokWeatherTests */,
				6B32243829495D76008E4B3D /* YeolmokWeatherUITests */,
			);
		};
/* End PBXProject section */

/* Begin PBXResourcesBuildPhase section */
		6B32242A29495D6A008E4B3D /* Resources */ = {
			isa = PBXResourcesBuildPhase;
			buildActionMask = 2147483647;
			files = (
			);
			runOnlyForDeploymentPostprocessing = 0;
		};
		6B32243729495D76008E4B3D /* Resources */ = {
			isa = PBXResourcesBuildPhase;
			buildActionMask = 2147483647;
			files = (
			);
			runOnlyForDeploymentPostprocessing = 0;
		};
		6B9242922898EDE300E29CF8 /* Resources */ = {
			isa = PBXResourcesBuildPhase;
			buildActionMask = 2147483647;
			files = (
				6B9242A42898EDE500E29CF8 /* LaunchScreen.storyboard in Resources */,
				6B5B4CEE29479F9D008BE5B1 /* Localizable.strings in Resources */,
				6B4E887728EB549D00723006 /* InfoPlist.strings in Resources */,
				6B9242A12898EDE500E29CF8 /* Assets.xcassets in Resources */,
			);
			runOnlyForDeploymentPostprocessing = 0;
		};
/* End PBXResourcesBuildPhase section */

/* Begin PBXSourcesBuildPhase section */
		6B32242829495D6A008E4B3D /* Sources */ = {
			isa = PBXSourcesBuildPhase;
			buildActionMask = 2147483647;
			files = (
				6B081F0C294DBD83008CE18F /* LocalizationTests.swift in Sources */,
				6B712036294C650400A97C72 /* NetworkTaskTests.swift in Sources */,
			);
			runOnlyForDeploymentPostprocessing = 0;
		};
		6B32243529495D76008E4B3D /* Sources */ = {
			isa = PBXSourcesBuildPhase;
			buildActionMask = 2147483647;
			files = (
				6B548B0D294D5FD300ACD7AC /* SearchUITests.swift in Sources */,
			);
			runOnlyForDeploymentPostprocessing = 0;
		};
		6B9242902898EDE300E29CF8 /* Sources */ = {
			isa = PBXSourcesBuildPhase;
			buildActionMask = 2147483647;
			files = (
				6BEAF02D28A1370500D0BB6D /* TodayWeatherForecastCollectionViewCell.swift in Sources */,
				6B58B49C28A181E500BA9F71 /* Forecast.swift in Sources */,
				6B5B4CF32947A0C9008BE5B1 /* String.swift in Sources */,
				6BA4F0C929176CF200102A6F /* CurrentCity.swift in Sources */,
				6B71ABC72939DE75000DB772 /* Alert.swift in Sources */,
				6BEC6C60289EC5B800EFF342 /* CityWeatherTableViewCell.swift in Sources */,
				6BF4C6F328AC9ABF009FC118 /* AppNamespace.swift in Sources */,
				6BC933A428AF844B00789150 /* Model.xcdatamodeld in Sources */,
				6B9242AC2898EED000E29CF8 /* WeatherForecastTableViewCell.swift in Sources */,
				6BA4F0CE291779F500102A6F /* OtherCities.swift in Sources */,
				6BCED14D289CF64D00F8A305 /* NetworkManager.swift in Sources */,
				6BB587C9289FF0A100CBCF92 /* CityName.swift in Sources */,
				6BA4F0CB2917783500102A6F /* AnotherCity.swift in Sources */,
				6B92429C2898EDE300E29CF8 /* CurrentWeatherViewController.swift in Sources */,
				6B84DA2B28A40C1A002EF4DC /* FetchImageName.swift in Sources */,
				6B98DD99294F21CD00DD8845 /* Storable.swift in Sources */,
				6B548AFE294D442200ACD7AC /* WeatherControllable.swift in Sources */,
				6B285EE928B206B0001A4291 /* BookmarkManager.swift in Sources */,
				6B548B06294D55DF00ACD7AC /* LocationService.swift in Sources */,
				6B9242982898EDE300E29CF8 /* AppDelegate.swift in Sources */,
				6B92429A2898EDE300E29CF8 /* SceneDelegate.swift in Sources */,
				6B14428C289C016100BDF07D /* OtherCitiesViewController.swift in Sources */,
				6B14428A289BE33900BDF07D /* Decoder.swift in Sources */,
				6B6EB4A0289DA087009A80AD /* WeatherOfCity.swift in Sources */,
				6B01EEED289A74DF007C5B30 /* TypeOfWeather.swift in Sources */,
				6B73813D28EB679300D98CEC /* TabBarController.swift in Sources */,
			);
			runOnlyForDeploymentPostprocessing = 0;
		};
/* End PBXSourcesBuildPhase section */

/* Begin PBXTargetDependency section */
		6B32243129495D6A008E4B3D /* PBXTargetDependency */ = {
			isa = PBXTargetDependency;
			target = 6B9242932898EDE300E29CF8 /* YeolmokWeather */;
			targetProxy = 6B32243029495D6A008E4B3D /* PBXContainerItemProxy */;
		};
		6B32244029495D76008E4B3D /* PBXTargetDependency */ = {
			isa = PBXTargetDependency;
			target = 6B9242932898EDE300E29CF8 /* YeolmokWeather */;
			targetProxy = 6B32243F29495D76008E4B3D /* PBXContainerItemProxy */;
		};
/* End PBXTargetDependency section */

/* Begin PBXVariantGroup section */
		6B4E887928EB549D00723006 /* InfoPlist.strings */ = {
			isa = PBXVariantGroup;
			children = (
				6B4E887828EB549D00723006 /* en */,
				6B4E887A28EB54C400723006 /* ko */,
			);
			name = InfoPlist.strings;
			sourceTree = "<group>";
		};
		6B5B4CF029479F9D008BE5B1 /* Localizable.strings */ = {
			isa = PBXVariantGroup;
			children = (
				6B5B4CEF29479F9D008BE5B1 /* en */,
				6B5B4CF129479FC4008BE5B1 /* ko */,
			);
			name = Localizable.strings;
			sourceTree = "<group>";
		};
		6B9242A22898EDE500E29CF8 /* LaunchScreen.storyboard */ = {
			isa = PBXVariantGroup;
			children = (
				6B502D772948F22900B88231 /* Base */,
			);
			name = LaunchScreen.storyboard;
			sourceTree = "<group>";
		};
/* End PBXVariantGroup section */

/* Begin XCBuildConfiguration section */
		6B32243329495D6A008E4B3D /* Debug */ = {
			isa = XCBuildConfiguration;
			buildSettings = {
				BUNDLE_LOADER = "$(TEST_HOST)";
				CLANG_CXX_LANGUAGE_STANDARD = "gnu++20";
				CODE_SIGN_STYLE = Automatic;
				CURRENT_PROJECT_VERSION = 1;
				DEVELOPMENT_TEAM = 65KV6R2AGS;
				GENERATE_INFOPLIST_FILE = YES;
				IPHONEOS_DEPLOYMENT_TARGET = 16.1;
				MARKETING_VERSION = 1.0;
				PRODUCT_BUNDLE_IDENTIFIER = Yeolmok.YeolmokWeatherTests;
				PRODUCT_NAME = "$(TARGET_NAME)";
				SWIFT_EMIT_LOC_STRINGS = NO;
				SWIFT_VERSION = 5.0;
				TARGETED_DEVICE_FAMILY = "1,2";
				TEST_HOST = "$(BUILT_PRODUCTS_DIR)/YeolmokWeather.app/$(BUNDLE_EXECUTABLE_FOLDER_PATH)/YeolmokWeather";
			};
			name = Debug;
		};
		6B32243429495D6A008E4B3D /* Release */ = {
			isa = XCBuildConfiguration;
			buildSettings = {
				BUNDLE_LOADER = "$(TEST_HOST)";
				CLANG_CXX_LANGUAGE_STANDARD = "gnu++20";
				CODE_SIGN_STYLE = Automatic;
				CURRENT_PROJECT_VERSION = 1;
				DEVELOPMENT_TEAM = 65KV6R2AGS;
				GENERATE_INFOPLIST_FILE = YES;
				IPHONEOS_DEPLOYMENT_TARGET = 16.1;
				MARKETING_VERSION = 1.0;
				PRODUCT_BUNDLE_IDENTIFIER = Yeolmok.YeolmokWeatherTests;
				PRODUCT_NAME = "$(TARGET_NAME)";
				SWIFT_EMIT_LOC_STRINGS = NO;
				SWIFT_VERSION = 5.0;
				TARGETED_DEVICE_FAMILY = "1,2";
				TEST_HOST = "$(BUILT_PRODUCTS_DIR)/YeolmokWeather.app/$(BUNDLE_EXECUTABLE_FOLDER_PATH)/YeolmokWeather";
			};
			name = Release;
		};
		6B32244229495D76008E4B3D /* Debug */ = {
			isa = XCBuildConfiguration;
			buildSettings = {
				CLANG_CXX_LANGUAGE_STANDARD = "gnu++20";
				CODE_SIGN_STYLE = Automatic;
				CURRENT_PROJECT_VERSION = 1;
				DEVELOPMENT_TEAM = 65KV6R2AGS;
				GENERATE_INFOPLIST_FILE = YES;
				IPHONEOS_DEPLOYMENT_TARGET = 16.1;
				MARKETING_VERSION = 1.0;
				PRODUCT_BUNDLE_IDENTIFIER = Yeolmok.YeolmokWeatherUITests;
				PRODUCT_NAME = "$(TARGET_NAME)";
				SWIFT_EMIT_LOC_STRINGS = NO;
				SWIFT_VERSION = 5.0;
				TARGETED_DEVICE_FAMILY = "1,2";
				TEST_TARGET_NAME = YeolmokWeather;
			};
			name = Debug;
		};
		6B32244329495D76008E4B3D /* Release */ = {
			isa = XCBuildConfiguration;
			buildSettings = {
				CLANG_CXX_LANGUAGE_STANDARD = "gnu++20";
				CODE_SIGN_STYLE = Automatic;
				CURRENT_PROJECT_VERSION = 1;
				DEVELOPMENT_TEAM = 65KV6R2AGS;
				GENERATE_INFOPLIST_FILE = YES;
				IPHONEOS_DEPLOYMENT_TARGET = 16.1;
				MARKETING_VERSION = 1.0;
				PRODUCT_BUNDLE_IDENTIFIER = Yeolmok.YeolmokWeatherUITests;
				PRODUCT_NAME = "$(TARGET_NAME)";
				SWIFT_EMIT_LOC_STRINGS = NO;
				SWIFT_VERSION = 5.0;
				TARGETED_DEVICE_FAMILY = "1,2";
				TEST_TARGET_NAME = YeolmokWeather;
			};
			name = Release;
		};
		6B9242A62898EDE500E29CF8 /* Debug */ = {
			isa = XCBuildConfiguration;
			baseConfigurationReference = 6B8CE25D293909BF00C8DC4B /* ApiKey.xcconfig */;
			buildSettings = {
				ALWAYS_SEARCH_USER_PATHS = NO;
				CLANG_ANALYZER_LOCALIZABILITY_NONLOCALIZED = YES;
				CLANG_ANALYZER_NONNULL = YES;
				CLANG_ANALYZER_NUMBER_OBJECT_CONVERSION = YES_AGGRESSIVE;
				CLANG_CXX_LANGUAGE_STANDARD = "gnu++17";
				CLANG_ENABLE_MODULES = YES;
				CLANG_ENABLE_OBJC_ARC = YES;
				CLANG_ENABLE_OBJC_WEAK = YES;
				CLANG_WARN_BLOCK_CAPTURE_AUTORELEASING = YES;
				CLANG_WARN_BOOL_CONVERSION = YES;
				CLANG_WARN_COMMA = YES;
				CLANG_WARN_CONSTANT_CONVERSION = YES;
				CLANG_WARN_DEPRECATED_OBJC_IMPLEMENTATIONS = YES;
				CLANG_WARN_DIRECT_OBJC_ISA_USAGE = YES_ERROR;
				CLANG_WARN_DOCUMENTATION_COMMENTS = YES;
				CLANG_WARN_EMPTY_BODY = YES;
				CLANG_WARN_ENUM_CONVERSION = YES;
				CLANG_WARN_INFINITE_RECURSION = YES;
				CLANG_WARN_INT_CONVERSION = YES;
				CLANG_WARN_NON_LITERAL_NULL_CONVERSION = YES;
				CLANG_WARN_OBJC_IMPLICIT_RETAIN_SELF = YES;
				CLANG_WARN_OBJC_LITERAL_CONVERSION = YES;
				CLANG_WARN_OBJC_ROOT_CLASS = YES_ERROR;
				CLANG_WARN_QUOTED_INCLUDE_IN_FRAMEWORK_HEADER = YES;
				CLANG_WARN_RANGE_LOOP_ANALYSIS = YES;
				CLANG_WARN_STRICT_PROTOTYPES = YES;
				CLANG_WARN_SUSPICIOUS_MOVE = YES;
				CLANG_WARN_UNGUARDED_AVAILABILITY = YES_AGGRESSIVE;
				CLANG_WARN_UNREACHABLE_CODE = YES;
				CLANG_WARN__DUPLICATE_METHOD_MATCH = YES;
				COPY_PHASE_STRIP = NO;
				DEBUG_INFORMATION_FORMAT = dwarf;
				ENABLE_STRICT_OBJC_MSGSEND = YES;
				ENABLE_TESTABILITY = YES;
				GCC_C_LANGUAGE_STANDARD = gnu11;
				GCC_DYNAMIC_NO_PIC = NO;
				GCC_NO_COMMON_BLOCKS = YES;
				GCC_OPTIMIZATION_LEVEL = 0;
				GCC_PREPROCESSOR_DEFINITIONS = (
					"DEBUG=1",
					"$(inherited)",
				);
				GCC_WARN_64_TO_32_BIT_CONVERSION = YES;
				GCC_WARN_ABOUT_RETURN_TYPE = YES_ERROR;
				GCC_WARN_UNDECLARED_SELECTOR = YES;
				GCC_WARN_UNINITIALIZED_AUTOS = YES_AGGRESSIVE;
				GCC_WARN_UNUSED_FUNCTION = YES;
				GCC_WARN_UNUSED_VARIABLE = YES;
				IPHONEOS_DEPLOYMENT_TARGET = 15.5;
				MTL_ENABLE_DEBUG_INFO = INCLUDE_SOURCE;
				MTL_FAST_MATH = YES;
				ONLY_ACTIVE_ARCH = YES;
				SDKROOT = iphoneos;
				SWIFT_ACTIVE_COMPILATION_CONDITIONS = DEBUG;
				SWIFT_OPTIMIZATION_LEVEL = "-Onone";
			};
			name = Debug;
		};
		6B9242A72898EDE500E29CF8 /* Release */ = {
			isa = XCBuildConfiguration;
			baseConfigurationReference = 6B8CE25D293909BF00C8DC4B /* ApiKey.xcconfig */;
			buildSettings = {
				ALWAYS_SEARCH_USER_PATHS = NO;
				CLANG_ANALYZER_LOCALIZABILITY_NONLOCALIZED = YES;
				CLANG_ANALYZER_NONNULL = YES;
				CLANG_ANALYZER_NUMBER_OBJECT_CONVERSION = YES_AGGRESSIVE;
				CLANG_CXX_LANGUAGE_STANDARD = "gnu++17";
				CLANG_ENABLE_MODULES = YES;
				CLANG_ENABLE_OBJC_ARC = YES;
				CLANG_ENABLE_OBJC_WEAK = YES;
				CLANG_WARN_BLOCK_CAPTURE_AUTORELEASING = YES;
				CLANG_WARN_BOOL_CONVERSION = YES;
				CLANG_WARN_COMMA = YES;
				CLANG_WARN_CONSTANT_CONVERSION = YES;
				CLANG_WARN_DEPRECATED_OBJC_IMPLEMENTATIONS = YES;
				CLANG_WARN_DIRECT_OBJC_ISA_USAGE = YES_ERROR;
				CLANG_WARN_DOCUMENTATION_COMMENTS = YES;
				CLANG_WARN_EMPTY_BODY = YES;
				CLANG_WARN_ENUM_CONVERSION = YES;
				CLANG_WARN_INFINITE_RECURSION = YES;
				CLANG_WARN_INT_CONVERSION = YES;
				CLANG_WARN_NON_LITERAL_NULL_CONVERSION = YES;
				CLANG_WARN_OBJC_IMPLICIT_RETAIN_SELF = YES;
				CLANG_WARN_OBJC_LITERAL_CONVERSION = YES;
				CLANG_WARN_OBJC_ROOT_CLASS = YES_ERROR;
				CLANG_WARN_QUOTED_INCLUDE_IN_FRAMEWORK_HEADER = YES;
				CLANG_WARN_RANGE_LOOP_ANALYSIS = YES;
				CLANG_WARN_STRICT_PROTOTYPES = YES;
				CLANG_WARN_SUSPICIOUS_MOVE = YES;
				CLANG_WARN_UNGUARDED_AVAILABILITY = YES_AGGRESSIVE;
				CLANG_WARN_UNREACHABLE_CODE = YES;
				CLANG_WARN__DUPLICATE_METHOD_MATCH = YES;
				COPY_PHASE_STRIP = NO;
				DEBUG_INFORMATION_FORMAT = "dwarf-with-dsym";
				ENABLE_NS_ASSERTIONS = NO;
				ENABLE_STRICT_OBJC_MSGSEND = YES;
				GCC_C_LANGUAGE_STANDARD = gnu11;
				GCC_NO_COMMON_BLOCKS = YES;
				GCC_WARN_64_TO_32_BIT_CONVERSION = YES;
				GCC_WARN_ABOUT_RETURN_TYPE = YES_ERROR;
				GCC_WARN_UNDECLARED_SELECTOR = YES;
				GCC_WARN_UNINITIALIZED_AUTOS = YES_AGGRESSIVE;
				GCC_WARN_UNUSED_FUNCTION = YES;
				GCC_WARN_UNUSED_VARIABLE = YES;
				IPHONEOS_DEPLOYMENT_TARGET = 15.5;
				MTL_ENABLE_DEBUG_INFO = NO;
				MTL_FAST_MATH = YES;
				SDKROOT = iphoneos;
				SWIFT_COMPILATION_MODE = wholemodule;
				SWIFT_OPTIMIZATION_LEVEL = "-O";
				VALIDATE_PRODUCT = YES;
			};
			name = Release;
		};
		6B9242A92898EDE500E29CF8 /* Debug */ = {
			isa = XCBuildConfiguration;
			baseConfigurationReference = 6B8CE25D293909BF00C8DC4B /* ApiKey.xcconfig */;
			buildSettings = {
				ASSETCATALOG_COMPILER_APPICON_NAME = AppIcon;
				ASSETCATALOG_COMPILER_GLOBAL_ACCENT_COLOR_NAME = AccentColor;
				CODE_SIGN_STYLE = Automatic;
				CURRENT_PROJECT_VERSION = 1;
				DEVELOPMENT_TEAM = 65KV6R2AGS;
				GENERATE_INFOPLIST_FILE = YES;
				INFOPLIST_FILE = YeolmokWeather/Info.plist;
				INFOPLIST_KEY_CFBundleDisplayName = YeolmokWeather;
				INFOPLIST_KEY_NSLocationAlwaysAndWhenInUseUsageDescription = "애플리케이션을 사용하기 위해서는 위치 정보 제공이 필요합니다. 허용하시겠습니까?";
				INFOPLIST_KEY_NSLocationAlwaysUsageDescription = "애플리케이션을 사용하기 위해서는 위치 정보 제공이 필요합니다. 허용하시겠습니까?";
				INFOPLIST_KEY_NSLocationWhenInUseUsageDescription = "위치 정보 사용을 허용하면 정확한 날씨 정보를 받아올 수 있습니다.";
				INFOPLIST_KEY_UIApplicationSupportsIndirectInputEvents = YES;
				INFOPLIST_KEY_UILaunchStoryboardName = LaunchScreen;
				INFOPLIST_KEY_UISupportedInterfaceOrientations_iPad = "UIInterfaceOrientationPortrait UIInterfaceOrientationPortraitUpsideDown UIInterfaceOrientationLandscapeLeft UIInterfaceOrientationLandscapeRight";
				INFOPLIST_KEY_UISupportedInterfaceOrientations_iPhone = "UIInterfaceOrientationPortrait UIInterfaceOrientationLandscapeLeft UIInterfaceOrientationLandscapeRight";
				LD_RUNPATH_SEARCH_PATHS = (
					"$(inherited)",
					"@executable_path/Frameworks",
				);
				MARKETING_VERSION = 1.3;
				PRODUCT_BUNDLE_IDENTIFIER = com.Yeolmok.YeolmokWeather;
				PRODUCT_NAME = "$(TARGET_NAME)";
				SWIFT_EMIT_LOC_STRINGS = YES;
				SWIFT_VERSION = 5.0;
				TARGETED_DEVICE_FAMILY = "1,2";
			};
			name = Debug;
		};
		6B9242AA2898EDE500E29CF8 /* Release */ = {
			isa = XCBuildConfiguration;
			baseConfigurationReference = 6B8CE25D293909BF00C8DC4B /* ApiKey.xcconfig */;
			buildSettings = {
				ASSETCATALOG_COMPILER_APPICON_NAME = AppIcon;
				ASSETCATALOG_COMPILER_GLOBAL_ACCENT_COLOR_NAME = AccentColor;
				CODE_SIGN_STYLE = Automatic;
				CURRENT_PROJECT_VERSION = 1;
				DEVELOPMENT_TEAM = 65KV6R2AGS;
				GENERATE_INFOPLIST_FILE = YES;
				INFOPLIST_FILE = YeolmokWeather/Info.plist;
				INFOPLIST_KEY_CFBundleDisplayName = YeolmokWeather;
				INFOPLIST_KEY_NSLocationAlwaysAndWhenInUseUsageDescription = "애플리케이션을 사용하기 위해서는 위치 정보 제공이 필요합니다. 허용하시겠습니까?";
				INFOPLIST_KEY_NSLocationAlwaysUsageDescription = "애플리케이션을 사용하기 위해서는 위치 정보 제공이 필요합니다. 허용하시겠습니까?";
				INFOPLIST_KEY_NSLocationWhenInUseUsageDescription = "위치 정보 사용을 허용하면 정확한 날씨 정보를 받아올 수 있습니다.";
				INFOPLIST_KEY_UIApplicationSupportsIndirectInputEvents = YES;
				INFOPLIST_KEY_UILaunchStoryboardName = LaunchScreen;
				INFOPLIST_KEY_UISupportedInterfaceOrientations_iPad = "UIInterfaceOrientationPortrait UIInterfaceOrientationPortraitUpsideDown UIInterfaceOrientationLandscapeLeft UIInterfaceOrientationLandscapeRight";
				INFOPLIST_KEY_UISupportedInterfaceOrientations_iPhone = "UIInterfaceOrientationPortrait UIInterfaceOrientationLandscapeLeft UIInterfaceOrientationLandscapeRight";
				LD_RUNPATH_SEARCH_PATHS = (
					"$(inherited)",
					"@executable_path/Frameworks",
				);
				MARKETING_VERSION = 1.3;
				PRODUCT_BUNDLE_IDENTIFIER = com.Yeolmok.YeolmokWeather;
				PRODUCT_NAME = "$(TARGET_NAME)";
				SWIFT_EMIT_LOC_STRINGS = YES;
				SWIFT_VERSION = 5.0;
				TARGETED_DEVICE_FAMILY = "1,2";
			};
			name = Release;
		};
/* End XCBuildConfiguration section */

/* Begin XCConfigurationList section */
		6B32243229495D6A008E4B3D /* Build configuration list for PBXNativeTarget "YeolmokWeatherTests" */ = {
			isa = XCConfigurationList;
			buildConfigurations = (
				6B32243329495D6A008E4B3D /* Debug */,
				6B32243429495D6A008E4B3D /* Release */,
			);
			defaultConfigurationIsVisible = 0;
			defaultConfigurationName = Release;
		};
		6B32244129495D76008E4B3D /* Build configuration list for PBXNativeTarget "YeolmokWeatherUITests" */ = {
			isa = XCConfigurationList;
			buildConfigurations = (
				6B32244229495D76008E4B3D /* Debug */,
				6B32244329495D76008E4B3D /* Release */,
			);
			defaultConfigurationIsVisible = 0;
			defaultConfigurationName = Release;
		};
		6B92428F2898EDE300E29CF8 /* Build configuration list for PBXProject "YeolmokWeather" */ = {
			isa = XCConfigurationList;
			buildConfigurations = (
				6B9242A62898EDE500E29CF8 /* Debug */,
				6B9242A72898EDE500E29CF8 /* Release */,
			);
			defaultConfigurationIsVisible = 0;
			defaultConfigurationName = Release;
		};
		6B9242A82898EDE500E29CF8 /* Build configuration list for PBXNativeTarget "YeolmokWeather" */ = {
			isa = XCConfigurationList;
			buildConfigurations = (
				6B9242A92898EDE500E29CF8 /* Debug */,
				6B9242AA2898EDE500E29CF8 /* Release */,
			);
			defaultConfigurationIsVisible = 0;
			defaultConfigurationName = Release;
		};
/* End XCConfigurationList section */

/* Begin XCVersionGroup section */
		6BC933A228AF844B00789150 /* Model.xcdatamodeld */ = {
			isa = XCVersionGroup;
			children = (
				6BC933A328AF844B00789150 /* Model.xcdatamodel */,
			);
			currentVersion = 6BC933A328AF844B00789150 /* Model.xcdatamodel */;
			path = Model.xcdatamodeld;
			sourceTree = "<group>";
			versionGroupType = wrapper.xcdatamodel;
		};
/* End XCVersionGroup section */
	};
	rootObject = 6B92428C2898EDE300E29CF8 /* Project object */;
}
